
Microsoft Visual Studio Solution File, Format Version 12.00
# Visual Studio Version 16
Project("{8BC9CEB8-8B4A-11D0-8D11-00A0C91BC942}") = "ALL_BUILD", "ALL_BUILD.vcxproj", "{DD8F3FF6-F43A-36F2-9F1D-D013EF9E666A}"
	ProjectSection(ProjectDependencies) = postProject
		{EF075A45-A5B9-377E-B619-65C9004F2499} = {EF075A45-A5B9-377E-B619-65C9004F2499}
		{CFCA71E8-B052-3224-AFFD-83909C0BCDC2} = {CFCA71E8-B052-3224-AFFD-83909C0BCDC2}
		{71F8F2C0-A131-3FFC-BB43-2B5DF49D622A} = {71F8F2C0-A131-3FFC-BB43-2B5DF49D622A}
	EndProjectSection
EndProject
Project("{8BC9CEB8-8B4A-11D0-8D11-00A0C91BC942}") = "INSTALL", "INSTALL.vcxproj", "{3D3FA59D-70DF-35B5-A97C-57F9B4D62C00}"
	ProjectSection(ProjectDependencies) = postProject
		{DD8F3FF6-F43A-36F2-9F1D-D013EF9E666A} = {DD8F3FF6-F43A-36F2-9F1D-D013EF9E666A}
		{EF075A45-A5B9-377E-B619-65C9004F2499} = {EF075A45-A5B9-377E-B619-65C9004F2499}
	EndProjectSection
EndProject
Project("{8BC9CEB8-8B4A-11D0-8D11-00A0C91BC942}") = "PACKAGE", "PACKAGE.vcxproj", "{BB85242F-18ED-39B5-9323-03E3B11E6674}"
	ProjectSection(ProjectDependencies) = postProject
		{DD8F3FF6-F43A-36F2-9F1D-D013EF9E666A} = {DD8F3FF6-F43A-36F2-9F1D-D013EF9E666A}
		{EF075A45-A5B9-377E-B619-65C9004F2499} = {EF075A45-A5B9-377E-B619-65C9004F2499}
	EndProjectSection
EndProject
Project("{8BC9CEB8-8B4A-11D0-8D11-00A0C91BC942}") = "RUN_TESTS", "RUN_TESTS.vcxproj", "{0CDC8BFE-AE50-3D3C-BF23-BCF99573B9E0}"
	ProjectSection(ProjectDependencies) = postProject
		{EF075A45-A5B9-377E-B619-65C9004F2499} = {EF075A45-A5B9-377E-B619-65C9004F2499}
	EndProjectSection
EndProject
Project("{8BC9CEB8-8B4A-11D0-8D11-00A0C91BC942}") = "ZERO_CHECK", "ZERO_CHECK.vcxproj", "{EF075A45-A5B9-377E-B619-65C9004F2499}"
	ProjectSection(ProjectDependencies) = postProject
	EndProjectSection
EndProject
Project("{8BC9CEB8-8B4A-11D0-8D11-00A0C91BC942}") = "hiredis", "hiredis.vcxproj", "{CFCA71E8-B052-3224-AFFD-83909C0BCDC2}"
	ProjectSection(ProjectDependencies) = postProject
		{EF075A45-A5B9-377E-B619-65C9004F2499} = {EF075A45-A5B9-377E-B619-65C9004F2499}
	EndProjectSection
EndProject
Project("{8BC9CEB8-8B4A-11D0-8D11-00A0C91BC942}") = "hiredis-test", "hiredis-test.vcxproj", "{71F8F2C0-A131-3FFC-BB43-2B5DF49D622A}"
	ProjectSection(ProjectDependencies) = postProject
		{EF075A45-A5B9-377E-B619-65C9004F2499} = {EF075A45-A5B9-377E-B619-65C9004F2499}
		{CFCA71E8-B052-3224-AFFD-83909C0BCDC2} = {CFCA71E8-B052-3224-AFFD-83909C0BCDC2}
	EndProjectSection
EndProject
Global
	GlobalSection(SolutionConfigurationPlatforms) = preSolution
		Debug|x64 = Debug|x64
		Release|x64 = Release|x64
		MinSizeRel|x64 = MinSizeRel|x64
		RelWithDebInfo|x64 = RelWithDebInfo|x64
	EndGlobalSection
	GlobalSection(ProjectConfigurationPlatforms) = postSolution
		{DD8F3FF6-F43A-36F2-9F1D-D013EF9E666A}.Debug|x64.ActiveCfg = Debug|x64
		{DD8F3FF6-F43A-36F2-9F1D-D013EF9E666A}.Debug|x64.Build.0 = Debug|x64
		{DD8F3FF6-F43A-36F2-9F1D-D013EF9E666A}.Release|x64.ActiveCfg = Release|x64
		{DD8F3FF6-F43A-36F2-9F1D-D013EF9E666A}.Release|x64.Build.0 = Release|x64
		{DD8F3FF6-F43A-36F2-9F1D-D013EF9E666A}.MinSizeRel|x64.ActiveCfg = MinSizeRel|x64
		{DD8F3FF6-F43A-36F2-9F1D-D013EF9E666A}.MinSizeRel|x64.Build.0 = MinSizeRel|x64
		{DD8F3FF6-F43A-36F2-9F1D-D013EF9E666A}.RelWithDebInfo|x64.ActiveCfg = RelWithDebInfo|x64
		{DD8F3FF6-F43A-36F2-9F1D-D013EF9E666A}.RelWithDebInfo|x64.Build.0 = RelWithDebInfo|x64
		{3D3FA59D-70DF-35B5-A97C-57F9B4D62C00}.Debug|x64.ActiveCfg = Debug|x64
		{3D3FA59D-70DF-35B5-A97C-57F9B4D62C00}.Release|x64.ActiveCfg = Release|x64
		{3D3FA59D-70DF-35B5-A97C-57F9B4D62C00}.MinSizeRel|x64.ActiveCfg = MinSizeRel|x64
		{3D3FA59D-70DF-35B5-A97C-57F9B4D62C00}.RelWithDebInfo|x64.ActiveCfg = RelWithDebInfo|x64
		{BB85242F-18ED-39B5-9323-03E3B11E6674}.Debug|x64.ActiveCfg = Debug|x64
		{BB85242F-18ED-39B5-9323-03E3B11E6674}.Release|x64.ActiveCfg = Release|x64
		{BB85242F-18ED-39B5-9323-03E3B11E6674}.MinSizeRel|x64.ActiveCfg = MinSizeRel|x64
		{BB85242F-18ED-39B5-9323-03E3B11E6674}.RelWithDebInfo|x64.ActiveCfg = RelWithDebInfo|x64
		{0CDC8BFE-AE50-3D3C-BF23-BCF99573B9E0}.Debug|x64.ActiveCfg = Debug|x64
		{0CDC8BFE-AE50-3D3C-BF23-BCF99573B9E0}.Release|x64.ActiveCfg = Release|x64
		{0CDC8BFE-AE50-3D3C-BF23-BCF99573B9E0}.MinSizeRel|x64.ActiveCfg = MinSizeRel|x64
		{0CDC8BFE-AE50-3D3C-BF23-BCF99573B9E0}.RelWithDebInfo|x64.ActiveCfg = RelWithDebInfo|x64
		{EF075A45-A5B9-377E-B619-65C9004F2499}.Debug|x64.ActiveCfg = Debug|x64
		{EF075A45-A5B9-377E-B619-65C9004F2499}.Debug|x64.Build.0 = Debug|x64
		{EF075A45-A5B9-377E-B619-65C9004F2499}.Release|x64.ActiveCfg = Release|x64
		{EF075A45-A5B9-377E-B619-65C9004F2499}.Release|x64.Build.0 = Release|x64
		{EF075A45-A5B9-377E-B619-65C9004F2499}.MinSizeRel|x64.ActiveCfg = MinSizeRel|x64
		{EF075A45-A5B9-377E-B619-65C9004F2499}.MinSizeRel|x64.Build.0 = MinSizeRel|x64
		{EF075A45-A5B9-377E-B619-65C9004F2499}.RelWithDebInfo|x64.ActiveCfg = RelWithDebInfo|x64
		{EF075A45-A5B9-377E-B619-65C9004F2499}.RelWithDebInfo|x64.Build.0 = RelWithDebInfo|x64
		{CFCA71E8-B052-3224-AFFD-83909C0BCDC2}.Debug|x64.ActiveCfg = Debug|x64
		{CFCA71E8-B052-3224-AFFD-83909C0BCDC2}.Debug|x64.Build.0 = Debug|x64
		{CFCA71E8-B052-3224-AFFD-83909C0BCDC2}.Release|x64.ActiveCfg = Release|x64
		{CFCA71E8-B052-3224-AFFD-83909C0BCDC2}.Release|x64.Build.0 = Release|x64
		{CFCA71E8-B052-3224-AFFD-83909C0BCDC2}.MinSizeRel|x64.ActiveCfg = MinSizeRel|x64
		{CFCA71E8-B052-3224-AFFD-83909C0BCDC2}.MinSizeRel|x64.Build.0 = MinSizeRel|x64
		{CFCA71E8-B052-3224-AFFD-83909C0BCDC2}.RelWithDebInfo|x64.ActiveCfg = RelWithDebInfo|x64
		{CFCA71E8-B052-3224-AFFD-83909C0BCDC2}.RelWithDebInfo|x64.Build.0 = RelWithDebInfo|x64
		{71F8F2C0-A131-3FFC-BB43-2B5DF49D622A}.Debug|x64.ActiveCfg = Debug|x64
		{71F8F2C0-A131-3FFC-BB43-2B5DF49D622A}.Debug|x64.Build.0 = Debug|x64
		{71F8F2C0-A131-3FFC-BB43-2B5DF49D622A}.Release|x64.ActiveCfg = Release|x64
		{71F8F2C0-A131-3FFC-BB43-2B5DF49D622A}.Release|x64.Build.0 = Release|x64
		{71F8F2C0-A131-3FFC-BB43-2B5DF49D622A}.MinSizeRel|x64.ActiveCfg = MinSizeRel|x64
		{71F8F2C0-A131-3FFC-BB43-2B5DF49D622A}.MinSizeRel|x64.Build.0 = MinSizeRel|x64
		{71F8F2C0-A131-3FFC-BB43-2B5DF49D622A}.RelWithDebInfo|x64.ActiveCfg = RelWithDebInfo|x64
		{71F8F2C0-A131-3FFC-BB43-2B5DF49D622A}.RelWithDebInfo|x64.Build.0 = RelWithDebInfo|x64
	EndGlobalSection
	GlobalSection(ExtensibilityGlobals) = postSolution
		SolutionGuid = {790EC861-4846-31F7-9EA9-2CCFBDF5F8C8}
	EndGlobalSection
	GlobalSection(ExtensibilityAddIns) = postSolution
	EndGlobalSection
EndGlobal
