
Microsoft Visual Studio Solution File, Format Version 12.00
# Visual Studio Version 16
Project("{8BC9CEB8-8B4A-11D0-8D11-00A0C91BC942}") = "ALL_BUILD", "ALL_BUILD.vcxproj", "{E6CB5557-5185-3DF6-B1F1-A0AA22326F92}"
	ProjectSection(ProjectDependencies) = postProject
		{CD53DFA3-6546-3EC0-8440-293D0A41F0D9} = {CD53DFA3-6546-3EC0-8440-293D0A41F0D9}
		{8402200C-328D-3FC4-81FB-1FB67CDB5288} = {8402200C-328D-3FC4-81FB-1FB67CDB5288}
		{66B5C644-D30B-3824-808E-8D2CC952EFC3} = {66B5C644-D30B-3824-808E-8D2CC952EFC3}
	EndProjectSection
EndProject
Project("{8BC9CEB8-8B4A-11D0-8D11-00A0C91BC942}") = "INSTALL", "INSTALL.vcxproj", "{2E63108A-1784-308F-8368-2BF77DA2DA88}"
	ProjectSection(ProjectDependencies) = postProject
		{E6CB5557-5185-3DF6-B1F1-A0AA22326F92} = {E6CB5557-5185-3DF6-B1F1-A0AA22326F92}
		{CD53DFA3-6546-3EC0-8440-293D0A41F0D9} = {CD53DFA3-6546-3EC0-8440-293D0A41F0D9}
	EndProjectSection
EndProject
Project("{8BC9CEB8-8B4A-11D0-8D11-00A0C91BC942}") = "PACKAGE", "PACKAGE.vcxproj", "{5139307C-B899-3DED-8C26-7F17634CA4AC}"
	ProjectSection(ProjectDependencies) = postProject
		{E6CB5557-5185-3DF6-B1F1-A0AA22326F92} = {E6CB5557-5185-3DF6-B1F1-A0AA22326F92}
		{CD53DFA3-6546-3EC0-8440-293D0A41F0D9} = {CD53DFA3-6546-3EC0-8440-293D0A41F0D9}
	EndProjectSection
EndProject
Project("{8BC9CEB8-8B4A-11D0-8D11-00A0C91BC942}") = "RUN_TESTS", "RUN_TESTS.vcxproj", "{008ACE3E-B81F-3B34-815A-26D003C7D290}"
	ProjectSection(ProjectDependencies) = postProject
		{CD53DFA3-6546-3EC0-8440-293D0A41F0D9} = {CD53DFA3-6546-3EC0-8440-293D0A41F0D9}
	EndProjectSection
EndProject
Project("{8BC9CEB8-8B4A-11D0-8D11-00A0C91BC942}") = "ZERO_CHECK", "ZERO_CHECK.vcxproj", "{CD53DFA3-6546-3EC0-8440-293D0A41F0D9}"
	ProjectSection(ProjectDependencies) = postProject
	EndProjectSection
EndProject
Project("{8BC9CEB8-8B4A-11D0-8D11-00A0C91BC942}") = "hiredis", "hiredis.vcxproj", "{8402200C-328D-3FC4-81FB-1FB67CDB5288}"
	ProjectSection(ProjectDependencies) = postProject
		{CD53DFA3-6546-3EC0-8440-293D0A41F0D9} = {CD53DFA3-6546-3EC0-8440-293D0A41F0D9}
	EndProjectSection
EndProject
Project("{8BC9CEB8-8B4A-11D0-8D11-00A0C91BC942}") = "hiredis-test", "hiredis-test.vcxproj", "{66B5C644-D30B-3824-808E-8D2CC952EFC3}"
	ProjectSection(ProjectDependencies) = postProject
		{CD53DFA3-6546-3EC0-8440-293D0A41F0D9} = {CD53DFA3-6546-3EC0-8440-293D0A41F0D9}
		{8402200C-328D-3FC4-81FB-1FB67CDB5288} = {8402200C-328D-3FC4-81FB-1FB67CDB5288}
	EndProjectSection
EndProject
Global
	GlobalSection(SolutionConfigurationPlatforms) = preSolution
		Debug|x64 = Debug|x64
		Release|x64 = Release|x64
		MinSizeRel|x64 = MinSizeRel|x64
		RelWithDebInfo|x64 = RelWithDebInfo|x64
	EndGlobalSection
	GlobalSection(ProjectConfigurationPlatforms) = postSolution
		{E6CB5557-5185-3DF6-B1F1-A0AA22326F92}.Debug|x64.ActiveCfg = Debug|x64
		{E6CB5557-5185-3DF6-B1F1-A0AA22326F92}.Debug|x64.Build.0 = Debug|x64
		{E6CB5557-5185-3DF6-B1F1-A0AA22326F92}.Release|x64.ActiveCfg = Release|x64
		{E6CB5557-5185-3DF6-B1F1-A0AA22326F92}.Release|x64.Build.0 = Release|x64
		{E6CB5557-5185-3DF6-B1F1-A0AA22326F92}.MinSizeRel|x64.ActiveCfg = MinSizeRel|x64
		{E6CB5557-5185-3DF6-B1F1-A0AA22326F92}.MinSizeRel|x64.Build.0 = MinSizeRel|x64
		{E6CB5557-5185-3DF6-B1F1-A0AA22326F92}.RelWithDebInfo|x64.ActiveCfg = RelWithDebInfo|x64
		{E6CB5557-5185-3DF6-B1F1-A0AA22326F92}.RelWithDebInfo|x64.Build.0 = RelWithDebInfo|x64
		{2E63108A-1784-308F-8368-2BF77DA2DA88}.Debug|x64.ActiveCfg = Debug|x64
		{2E63108A-1784-308F-8368-2BF77DA2DA88}.Release|x64.ActiveCfg = Release|x64
		{2E63108A-1784-308F-8368-2BF77DA2DA88}.MinSizeRel|x64.ActiveCfg = MinSizeRel|x64
		{2E63108A-1784-308F-8368-2BF77DA2DA88}.RelWithDebInfo|x64.ActiveCfg = RelWithDebInfo|x64
		{5139307C-B899-3DED-8C26-7F17634CA4AC}.Debug|x64.ActiveCfg = Debug|x64
		{5139307C-B899-3DED-8C26-7F17634CA4AC}.Release|x64.ActiveCfg = Release|x64
		{5139307C-B899-3DED-8C26-7F17634CA4AC}.MinSizeRel|x64.ActiveCfg = MinSizeRel|x64
		{5139307C-B899-3DED-8C26-7F17634CA4AC}.RelWithDebInfo|x64.ActiveCfg = RelWithDebInfo|x64
		{008ACE3E-B81F-3B34-815A-26D003C7D290}.Debug|x64.ActiveCfg = Debug|x64
		{008ACE3E-B81F-3B34-815A-26D003C7D290}.Release|x64.ActiveCfg = Release|x64
		{008ACE3E-B81F-3B34-815A-26D003C7D290}.MinSizeRel|x64.ActiveCfg = MinSizeRel|x64
		{008ACE3E-B81F-3B34-815A-26D003C7D290}.RelWithDebInfo|x64.ActiveCfg = RelWithDebInfo|x64
		{CD53DFA3-6546-3EC0-8440-293D0A41F0D9}.Debug|x64.ActiveCfg = Debug|x64
		{CD53DFA3-6546-3EC0-8440-293D0A41F0D9}.Debug|x64.Build.0 = Debug|x64
		{CD53DFA3-6546-3EC0-8440-293D0A41F0D9}.Release|x64.ActiveCfg = Release|x64
		{CD53DFA3-6546-3EC0-8440-293D0A41F0D9}.Release|x64.Build.0 = Release|x64
		{CD53DFA3-6546-3EC0-8440-293D0A41F0D9}.MinSizeRel|x64.ActiveCfg = MinSizeRel|x64
		{CD53DFA3-6546-3EC0-8440-293D0A41F0D9}.MinSizeRel|x64.Build.0 = MinSizeRel|x64
		{CD53DFA3-6546-3EC0-8440-293D0A41F0D9}.RelWithDebInfo|x64.ActiveCfg = RelWithDebInfo|x64
		{CD53DFA3-6546-3EC0-8440-293D0A41F0D9}.RelWithDebInfo|x64.Build.0 = RelWithDebInfo|x64
		{8402200C-328D-3FC4-81FB-1FB67CDB5288}.Debug|x64.ActiveCfg = Debug|x64
		{8402200C-328D-3FC4-81FB-1FB67CDB5288}.Debug|x64.Build.0 = Debug|x64
		{8402200C-328D-3FC4-81FB-1FB67CDB5288}.Release|x64.ActiveCfg = Release|x64
		{8402200C-328D-3FC4-81FB-1FB67CDB5288}.Release|x64.Build.0 = Release|x64
		{8402200C-328D-3FC4-81FB-1FB67CDB5288}.MinSizeRel|x64.ActiveCfg = MinSizeRel|x64
		{8402200C-328D-3FC4-81FB-1FB67CDB5288}.MinSizeRel|x64.Build.0 = MinSizeRel|x64
		{8402200C-328D-3FC4-81FB-1FB67CDB5288}.RelWithDebInfo|x64.ActiveCfg = RelWithDebInfo|x64
		{8402200C-328D-3FC4-81FB-1FB67CDB5288}.RelWithDebInfo|x64.Build.0 = RelWithDebInfo|x64
		{66B5C644-D30B-3824-808E-8D2CC952EFC3}.Debug|x64.ActiveCfg = Debug|x64
		{66B5C644-D30B-3824-808E-8D2CC952EFC3}.Debug|x64.Build.0 = Debug|x64
		{66B5C644-D30B-3824-808E-8D2CC952EFC3}.Release|x64.ActiveCfg = Release|x64
		{66B5C644-D30B-3824-808E-8D2CC952EFC3}.Release|x64.Build.0 = Release|x64
		{66B5C644-D30B-3824-808E-8D2CC952EFC3}.MinSizeRel|x64.ActiveCfg = MinSizeRel|x64
		{66B5C644-D30B-3824-808E-8D2CC952EFC3}.MinSizeRel|x64.Build.0 = MinSizeRel|x64
		{66B5C644-D30B-3824-808E-8D2CC952EFC3}.RelWithDebInfo|x64.ActiveCfg = RelWithDebInfo|x64
		{66B5C644-D30B-3824-808E-8D2CC952EFC3}.RelWithDebInfo|x64.Build.0 = RelWithDebInfo|x64
	EndGlobalSection
	GlobalSection(ExtensibilityGlobals) = postSolution
		SolutionGuid = {C361CE5B-56A8-3069-9D91-21A98F917C76}
	EndGlobalSection
	GlobalSection(ExtensibilityAddIns) = postSolution
	EndGlobalSection
EndGlobal
