<?xml version="1.0" encoding="utf-8"?>
<Project ToolsVersion="16.0" xmlns="http://schemas.microsoft.com/developer/msbuild/2003">
  <ItemGroup>
    <CustomBuild Include="F:\hiredis_build\CMakeFiles\a5e8cce087d78d7f895b45ffcd323f81\INSTALL_force.rule">
      <Filter>CMake Rules</Filter>
    </CustomBuild>
  </ItemGroup>
  <ItemGroup>
    <Filter Include="CMake Rules">
      <UniqueIdentifier>{CCB20658-D53E-3881-90F4-B79DF180D540}</UniqueIdentifier>
    </Filter>
  </ItemGroup>
</Project>
