<?xml version="1.0" encoding="utf-8"?>
<Project ToolsVersion="4.0" xmlns="http://schemas.microsoft.com/developer/msbuild/2003">
  <ItemGroup>
    <Filter Include="Utils">
      <UniqueIdentifier>{29ecc2a1-1e50-421e-864f-fe0e31e81687}</UniqueIdentifier>
    </Filter>
    <Filter Include="Common">
      <UniqueIdentifier>{7ecde9df-4ffd-47ae-b735-bc9f6845bbab}</UniqueIdentifier>
    </Filter>
    <Filter Include="Network">
      <UniqueIdentifier>{c820801d-c070-477a-b389-a49174335c24}</UniqueIdentifier>
    </Filter>
    <Filter Include="Memory">
      <UniqueIdentifier>{0b82f0a0-e998-46b1-9caf-073ef00a8c71}</UniqueIdentifier>
    </Filter>
  </ItemGroup>
  <ItemGroup>
    <ClInclude Include="CorePch.h">
      <Filter>Common</Filter>
    </ClInclude>
    <ClInclude Include="pch.h">
      <Filter>Utils</Filter>
    </ClInclude>
    <ClInclude Include="SocketAssistant.h">
      <Filter>Network</Filter>
    </ClInclude>
    <ClInclude Include="Defines.h">
      <Filter>Common</Filter>
    </ClInclude>
    <ClInclude Include="ServerMacro.h">
      <Filter>Common</Filter>
    </ClInclude>
    <ClInclude Include="ServerAddress.h">
      <Filter>Network</Filter>
    </ClInclude>
    <ClInclude Include="ServerGlobal.h">
      <Filter>Common</Filter>
    </ClInclude>
    <ClInclude Include="ThreadManager.h">
      <Filter>Common</Filter>
    </ClInclude>
    <ClInclude Include="ServerTLS.h">
      <Filter>Common</Filter>
    </ClInclude>
    <ClInclude Include="IOCPServer.h">
      <Filter>Network</Filter>
    </ClInclude>
  </ItemGroup>
  <ItemGroup>
    <ClCompile Include="CorePch.cpp">
      <Filter>Common</Filter>
    </ClCompile>
    <ClCompile Include="pch.cpp">
      <Filter>Utils</Filter>
    </ClCompile>
    <ClCompile Include="SocketAssistant.cpp">
      <Filter>Network</Filter>
    </ClCompile>
    <ClCompile Include="ServerAddress.cpp">
      <Filter>Network</Filter>
    </ClCompile>
    <ClCompile Include="ServerGlobal.cpp">
      <Filter>Common</Filter>
    </ClCompile>
    <ClCompile Include="ThreadManager.cpp">
      <Filter>Common</Filter>
    </ClCompile>
    <ClCompile Include="ServerTLS.cpp">
      <Filter>Common</Filter>
    </ClCompile>
    <ClCompile Include="IOCPServer.cpp">
      <Filter>Network</Filter>
    </ClCompile>
  </ItemGroup>
</Project>